
Microsoft Visual Studio Solution File, Format Version 12.00
# Visual Studio Version 16
VisualStudioVersion = 16.0.30011.22
MinimumVisualStudioVersion = 10.0.40219.1
Project("{FAE04EC0-301F-11D3-BF4B-00C04F79EFBC}") = "WeatherAppBot", "WeatherAppBot\WeatherAppBot.csproj", "{38DFC52D-4DD9-4098-8DF3-4B5A0CE52C89}"
EndProject
Global
	GlobalSection(SolutionConfigurationPlatforms) = preSolution
		Debug|Any CPU = Debug|Any CPU
		Release|Any CPU = Release|Any CPU
	EndGlobalSection
	GlobalSection(ProjectConfigurationPlatforms) = postSolution
		{38DFC52D-4DD9-4098-8DF3-4B5A0CE52C89}.Debug|Any CPU.ActiveCfg = Debug|Any CPU
		{38DFC52D-4DD9-4098-8DF3-4B5A0CE52C89}.Debug|Any CPU.Build.0 = Debug|Any CPU
		{38DFC52D-4DD9-4098-8DF3-4B5A0CE52C89}.Release|Any CPU.ActiveCfg = Release|Any CPU
		{38DFC52D-4DD9-4098-8DF3-4B5A0CE52C89}.Release|Any CPU.Build.0 = Release|Any CPU
	EndGlobalSection
	GlobalSection(SolutionProperties) = preSolution
		HideSolutionNode = FALSE
	EndGlobalSection
	GlobalSection(ExtensibilityGlobals) = postSolution
		SolutionGuid = {775FE9E6-D86F-46E4-A40A-D0C20B3E4BBA}
	EndGlobalSection
EndGlobal
