
Microsoft Visual Studio Solution File, Format Version 12.00
# Visual Studio Version 16
VisualStudioVersion = 16.0.30011.22
MinimumVisualStudioVersion = 10.0.40219.1
Project("{9A19103F-16F7-4668-BE54-9A1E7A4F7556}") = "WeatherAppBot", "WeatherAppBot\WeatherAppBot.csproj", "{38DFC52D-4DD9-4098-8DF3-4B5A0CE52C89}"
EndProject
Project("{FAE04EC0-301F-11D3-BF4B-00C04F79EFBC}") = "WeatherAppBot.BusinessLogic", "WeatherAppBot.BusinessLogic\WeatherAppBot.BusinessLogic.csproj", "{A95B681A-6FD9-41E7-8BA5-50E7C073576C}"
EndProject
Project("{FAE04EC0-301F-11D3-BF4B-00C04F79EFBC}") = "WeatherAppBot.DataAccess", "WeatherAppBot.DataAccess\WeatherAppBot.DataAccess.csproj", "{BA3B90D8-C0E5-454E-ADD7-8513D8BC2834}"
EndProject
Project("{FAE04EC0-301F-11D3-BF4B-00C04F79EFBC}") = "WeatherAppBot.Utils", "WeatherAppBot.Utils\WeatherAppBot.Utils.csproj", "{518FA5EC-A707-413E-BDBD-05C0BBFF9CC1}"
EndProject
Global
	GlobalSection(SolutionConfigurationPlatforms) = preSolution
		Debug|Any CPU = Debug|Any CPU
		Release|Any CPU = Release|Any CPU
	EndGlobalSection
	GlobalSection(ProjectConfigurationPlatforms) = postSolution
		{38DFC52D-4DD9-4098-8DF3-4B5A0CE52C89}.Debug|Any CPU.ActiveCfg = Debug|Any CPU
		{38DFC52D-4DD9-4098-8DF3-4B5A0CE52C89}.Debug|Any CPU.Build.0 = Debug|Any CPU
		{38DFC52D-4DD9-4098-8DF3-4B5A0CE52C89}.Release|Any CPU.ActiveCfg = Release|Any CPU
		{38DFC52D-4DD9-4098-8DF3-4B5A0CE52C89}.Release|Any CPU.Build.0 = Release|Any CPU
		{A95B681A-6FD9-41E7-8BA5-50E7C073576C}.Debug|Any CPU.ActiveCfg = Debug|Any CPU
		{A95B681A-6FD9-41E7-8BA5-50E7C073576C}.Debug|Any CPU.Build.0 = Debug|Any CPU
		{A95B681A-6FD9-41E7-8BA5-50E7C073576C}.Release|Any CPU.ActiveCfg = Release|Any CPU
		{A95B681A-6FD9-41E7-8BA5-50E7C073576C}.Release|Any CPU.Build.0 = Release|Any CPU
		{BA3B90D8-C0E5-454E-ADD7-8513D8BC2834}.Debug|Any CPU.ActiveCfg = Debug|Any CPU
		{BA3B90D8-C0E5-454E-ADD7-8513D8BC2834}.Debug|Any CPU.Build.0 = Debug|Any CPU
		{BA3B90D8-C0E5-454E-ADD7-8513D8BC2834}.Release|Any CPU.ActiveCfg = Release|Any CPU
		{BA3B90D8-C0E5-454E-ADD7-8513D8BC2834}.Release|Any CPU.Build.0 = Release|Any CPU
		{518FA5EC-A707-413E-BDBD-05C0BBFF9CC1}.Debug|Any CPU.ActiveCfg = Debug|Any CPU
		{518FA5EC-A707-413E-BDBD-05C0BBFF9CC1}.Debug|Any CPU.Build.0 = Debug|Any CPU
		{518FA5EC-A707-413E-BDBD-05C0BBFF9CC1}.Release|Any CPU.ActiveCfg = Release|Any CPU
		{518FA5EC-A707-413E-BDBD-05C0BBFF9CC1}.Release|Any CPU.Build.0 = Release|Any CPU
	EndGlobalSection
	GlobalSection(SolutionProperties) = preSolution
		HideSolutionNode = FALSE
	EndGlobalSection
	GlobalSection(ExtensibilityGlobals) = postSolution
		SolutionGuid = {775FE9E6-D86F-46E4-A40A-D0C20B3E4BBA}
	EndGlobalSection
EndGlobal
